{
  "name": "weatherapp",
  "version": "1.0.0",
  "lockfileVersion": 2,
  "requires": true,
  "packages": {
    "": {
      "name": "weatherapp",
      "version": "1.0.0",
      "license": "MIT",
      "dependencies": {
        "@sweetalert2/themes": "^5.0.0",
        "@types/leaflet": "^1.7.0",
        "axios": "^0.21.1",
        "dotenv": "^10.0.0",
        "sweetalert2": "^11.0.16",
        "typescript": "^4.3.2"
      },
      "devDependencies": {
        "@types/node": "^15.6.1"
      }
    },
    "node_modules/@sweetalert2/themes": {
      "version": "5.0.0",
      "resolved": "https://registry.npmjs.org/@sweetalert2/themes/-/themes-5.0.0.tgz",
      "integrity": "sha512-WsCTJLN/94xYVpuhbZIIvFYsiIONc1zh/E8UquMLZZhwRSARycUtidSeTp/oUCUh/coeAfSvQpAjnfU7Vx5RLA==",
      "peerDependencies": {
        "sweetalert2": "^11.0.0"
      }
    },
    "node_modules/@types/geojson": {
      "version": "7946.0.7",
      "resolved": "https://registry.npmjs.org/@types/geojson/-/geojson-7946.0.7.tgz",
      "integrity": "sha512-wE2v81i4C4Ol09RtsWFAqg3BUitWbHSpSlIo+bNdsCJijO9sjme+zm+73ZMCa/qMC8UEERxzGbvmr1cffo2SiQ=="
    },
    "node_modules/@types/leaflet": {
      "version": "1.7.0",
      "resolved": "https://registry.npmjs.org/@types/leaflet/-/leaflet-1.7.0.tgz",
      "integrity": "sha512-ltv5jR+VjKSMtoDkxH61Rsbo0zLU7iqyOXpVPkAX4F+79fg2eymC7t0msWsfNaEZO1FGTIQATCCCQe+ijWoicg==",
      "dependencies": {
        "@types/geojson": "*"
      }
    },
    "node_modules/@types/node": {
      "version": "15.6.1",
      "resolved": "https://registry.npmjs.org/@types/node/-/node-15.6.1.tgz",
      "integrity": "sha512-7EIraBEyRHEe7CH+Fm1XvgqU6uwZN8Q7jppJGcqjROMT29qhAuuOxYB1uEY5UMYQKEmA5D+5tBnhdaPXSsLONA==",
      "dev": true
    },
    "node_modules/axios": {
      "version": "0.21.1",
      "resolved": "https://registry.npmjs.org/axios/-/axios-0.21.1.tgz",
      "integrity": "sha512-dKQiRHxGD9PPRIUNIWvZhPTPpl1rf/OxTYKsqKUDjBwYylTvV7SjSHJb9ratfyzM6wCdLCOYLzs73qpg5c4iGA==",
      "dependencies": {
        "follow-redirects": "^1.10.0"
      }
    },
    "node_modules/dotenv": {
      "version": "10.0.0",
      "resolved": "https://registry.npmjs.org/dotenv/-/dotenv-10.0.0.tgz",
      "integrity": "sha512-rlBi9d8jpv9Sf1klPjNfFAuWDjKLwTIJJ/VxtoTwIR6hnZxcEOQCZg2oIL3MWBYw5GpUDKOEnND7LXTbIpQ03Q==",
      "engines": {
        "node": ">=10"
      }
    },
    "node_modules/follow-redirects": {
      "version": "1.14.1",
      "resolved": "https://registry.npmjs.org/follow-redirects/-/follow-redirects-1.14.1.tgz",
      "integrity": "sha512-HWqDgT7ZEkqRzBvc2s64vSZ/hfOceEol3ac/7tKwzuvEyWx3/4UegXh5oBOIotkGsObyk3xznnSRVADBgWSQVg==",
      "funding": [
        {
          "type": "individual",
          "url": "https://github.com/sponsors/RubenVerborgh"
        }
      ],
      "engines": {
        "node": ">=4.0"
      },
      "peerDependenciesMeta": {
        "debug": {
          "optional": true
        }
      }
    },
    "node_modules/sweetalert2": {
      "version": "11.0.16",
      "resolved": "https://registry.npmjs.org/sweetalert2/-/sweetalert2-11.0.16.tgz",
      "integrity": "sha512-9XStCZJMQpLQBAT/jr/4qZuA5Xwoupi/x5FagZYM1qGnyRqYecaJTPD1Cb5gc7G+9B5muH/JaDaBQGrvLpCmvQ==",
      "funding": {
        "url": "https://sweetalert2.github.io/#donations"
      }
    },
    "node_modules/typescript": {
      "version": "4.3.2",
      "resolved": "https://registry.npmjs.org/typescript/-/typescript-4.3.2.tgz",
      "integrity": "sha512-zZ4hShnmnoVnAHpVHWpTcxdv7dWP60S2FsydQLV8V5PbS3FifjWFFRiHSWpDJahly88PRyV5teTSLoq4eG7mKw==",
      "bin": {
        "tsc": "bin/tsc",
        "tsserver": "bin/tsserver"
      },
      "engines": {
        "node": ">=4.2.0"
      }
    }
  },
  "dependencies": {
    "@sweetalert2/themes": {
      "version": "5.0.0",
      "resolved": "https://registry.npmjs.org/@sweetalert2/themes/-/themes-5.0.0.tgz",
      "integrity": "sha512-WsCTJLN/94xYVpuhbZIIvFYsiIONc1zh/E8UquMLZZhwRSARycUtidSeTp/oUCUh/coeAfSvQpAjnfU7Vx5RLA==",
      "requires": {}
    },
    "@types/geojson": {
      "version": "7946.0.7",
      "resolved": "https://registry.npmjs.org/@types/geojson/-/geojson-7946.0.7.tgz",
      "integrity": "sha512-wE2v81i4C4Ol09RtsWFAqg3BUitWbHSpSlIo+bNdsCJijO9sjme+zm+73ZMCa/qMC8UEERxzGbvmr1cffo2SiQ=="
    },
    "@types/leaflet": {
      "version": "1.7.0",
      "resolved": "https://registry.npmjs.org/@types/leaflet/-/leaflet-1.7.0.tgz",
      "integrity": "sha512-ltv5jR+VjKSMtoDkxH61Rsbo0zLU7iqyOXpVPkAX4F+79fg2eymC7t0msWsfNaEZO1FGTIQATCCCQe+ijWoicg==",
      "requires": {
        "@types/geojson": "*"
      }
    },
    "@types/node": {
      "version": "15.6.1",
      "resolved": "https://registry.npmjs.org/@types/node/-/node-15.6.1.tgz",
      "integrity": "sha512-7EIraBEyRHEe7CH+Fm1XvgqU6uwZN8Q7jppJGcqjROMT29qhAuuOxYB1uEY5UMYQKEmA5D+5tBnhdaPXSsLONA==",
      "dev": true
    },
    "axios": {
      "version": "0.21.1",
      "resolved": "https://registry.npmjs.org/axios/-/axios-0.21.1.tgz",
      "integrity": "sha512-dKQiRHxGD9PPRIUNIWvZhPTPpl1rf/OxTYKsqKUDjBwYylTvV7SjSHJb9ratfyzM6wCdLCOYLzs73qpg5c4iGA==",
      "requires": {
        "follow-redirects": "^1.10.0"
      }
    },
    "dotenv": {
      "version": "10.0.0",
      "resolved": "https://registry.npmjs.org/dotenv/-/dotenv-10.0.0.tgz",
      "integrity": "sha512-rlBi9d8jpv9Sf1klPjNfFAuWDjKLwTIJJ/VxtoTwIR6hnZxcEOQCZg2oIL3MWBYw5GpUDKOEnND7LXTbIpQ03Q=="
    },
    "follow-redirects": {
      "version": "1.14.1",
      "resolved": "https://registry.npmjs.org/follow-redirects/-/follow-redirects-1.14.1.tgz",
      "integrity": "sha512-HWqDgT7ZEkqRzBvc2s64vSZ/hfOceEol3ac/7tKwzuvEyWx3/4UegXh5oBOIotkGsObyk3xznnSRVADBgWSQVg=="
    },
    "sweetalert2": {
      "version": "11.0.16",
      "resolved": "https://registry.npmjs.org/sweetalert2/-/sweetalert2-11.0.16.tgz",
      "integrity": "sha512-9XStCZJMQpLQBAT/jr/4qZuA5Xwoupi/x5FagZYM1qGnyRqYecaJTPD1Cb5gc7G+9B5muH/JaDaBQGrvLpCmvQ=="
    },
    "typescript": {
      "version": "4.3.2",
      "resolved": "https://registry.npmjs.org/typescript/-/typescript-4.3.2.tgz",
      "integrity": "sha512-zZ4hShnmnoVnAHpVHWpTcxdv7dWP60S2FsydQLV8V5PbS3FifjWFFRiHSWpDJahly88PRyV5teTSLoq4eG7mKw=="
    }
  }
}
